// !$*UTF8*$!
{
	archiveVersion = 1;
	classes = {
	};
	objectVersion = 56;
	objects = {

/* Begin PBXBuildFile section */
		F36803182D0083CA00DA7EC1 /* RecipeListView.swift in Sources */ = {isa = PBXBuildFile; fileRef = F36803172D0083CA00DA7EC1 /* RecipeListView.swift */; };
		F368031A2D00840000DA7EC1 /* RecipeListViewModel.swift in Sources */ = {isa = PBXBuildFile; fileRef = F36803192D00840000DA7EC1 /* RecipeListViewModel.swift */; };
		F368031C2D00843000DA7EC1 /* RecipeListModel.swift in Sources */ = {isa = PBXBuildFile; fileRef = F368031B2D00843000DA7EC1 /* RecipeListModel.swift */; };
		F368031E2D0086F900DA7EC1 /* APIService.swift in Sources */ = {isa = PBXBuildFile; fileRef = F368031D2D0086F900DA7EC1 /* APIService.swift */; };
		F36803202D008A3400DA7EC1 /* RecipeDetailModel.swift in Sources */ = {isa = PBXBuildFile; fileRef = F368031F2D008A3400DA7EC1 /* RecipeDetailModel.swift */; };
		F36803222D008A5500DA7EC1 /* RecipeDetailViewModel.swift in Sources */ = {isa = PBXBuildFile; fileRef = F36803212D008A5500DA7EC1 /* RecipeDetailViewModel.swift */; };
		F36803242D008A7000DA7EC1 /* RecipeDetailView.swift in Sources */ = {isa = PBXBuildFile; fileRef = F36803232D008A7000DA7EC1 /* RecipeDetailView.swift */; };
		F368032D2D00A7FD00DA7EC1 /* RouterHelper.swift in Sources */ = {isa = PBXBuildFile; fileRef = F368032C2D00A7FD00DA7EC1 /* RouterHelper.swift */; };
		F368032F2D00AC8F00DA7EC1 /* Router.swift in Sources */ = {isa = PBXBuildFile; fileRef = F368032E2D00AC8F00DA7EC1 /* Router.swift */; };
		F36803332D00B22D00DA7EC1 /* DirectURLRouter.swift in Sources */ = {isa = PBXBuildFile; fileRef = F36803322D00B22D00DA7EC1 /* DirectURLRouter.swift */; };
		F36803352D00B64600DA7EC1 /* Endpoints.swift in Sources */ = {isa = PBXBuildFile; fileRef = F36803342D00B64600DA7EC1 /* Endpoints.swift */; };
		F36803372D00C13B00DA7EC1 /* Logger.swift in Sources */ = {isa = PBXBuildFile; fileRef = F36803362D00C13B00DA7EC1 /* Logger.swift */; };
		F368033A2D00C9C500DA7EC1 /* DateFormatter+Extension.swift in Sources */ = {isa = PBXBuildFile; fileRef = F36803392D00C9C500DA7EC1 /* DateFormatter+Extension.swift */; };
		F368033D2D01C0D500DA7EC1 /* MockNetworkPathMonitor.swift in Sources */ = {isa = PBXBuildFile; fileRef = F368033C2D01C0D500DA7EC1 /* MockNetworkPathMonitor.swift */; };
		F36803402D01C15500DA7EC1 /* MockAPIService.swift in Sources */ = {isa = PBXBuildFile; fileRef = F368033F2D01C15500DA7EC1 /* MockAPIService.swift */; };
		F36803462D01CC4300DA7EC1 /* NetworkStateMonitor.swift in Sources */ = {isa = PBXBuildFile; fileRef = F36803452D01CC4300DA7EC1 /* NetworkStateMonitor.swift */; };
		F36803482D01D37B00DA7EC1 /* APIServiceTests.swift in Sources */ = {isa = PBXBuildFile; fileRef = F36803472D01D37B00DA7EC1 /* APIServiceTests.swift */; };
		F368034A2D01D3DB00DA7EC1 /* MockRouter.swift in Sources */ = {isa = PBXBuildFile; fileRef = F36803492D01D3DB00DA7EC1 /* MockRouter.swift */; };
		F368034C2D01D48600DA7EC1 /* MockEndpoint.swift in Sources */ = {isa = PBXBuildFile; fileRef = F368034B2D01D48600DA7EC1 /* MockEndpoint.swift */; };
		F368034E2D01D4AD00DA7EC1 /* MockURLProtocols.swift in Sources */ = {isa = PBXBuildFile; fileRef = F368034D2D01D4AD00DA7EC1 /* MockURLProtocols.swift */; };
		F36803512D01D4FD00DA7EC1 /* DirectURLRounterTests.swift in Sources */ = {isa = PBXBuildFile; fileRef = F36803502D01D4FD00DA7EC1 /* DirectURLRounterTests.swift */; };
		F36803552D01E8CB00DA7EC1 /* TestDataHelper.swift in Sources */ = {isa = PBXBuildFile; fileRef = F36803542D01E8CB00DA7EC1 /* TestDataHelper.swift */; };
		F368035C2D027EB400DA7EC1 /* RecipeListViewModelTests.swift in Sources */ = {isa = PBXBuildFile; fileRef = F368035B2D027EB400DA7EC1 /* RecipeListViewModelTests.swift */; };
		F368035E2D027ECE00DA7EC1 /* RecipeDetailsViewModelTests.swift in Sources */ = {isa = PBXBuildFile; fileRef = F368035D2D027ECE00DA7EC1 /* RecipeDetailsViewModelTests.swift */; };
		F36803722D089D4900DA7EC1 /* Localizable.strings in Resources */ = {isa = PBXBuildFile; fileRef = F36803702D089D4900DA7EC1 /* Localizable.strings */; };
		F36803782D0909EF00DA7EC1 /* DependencyManager.swift in Sources */ = {isa = PBXBuildFile; fileRef = F36803772D0909EF00DA7EC1 /* DependencyManager.swift */; };
		F368037C2D096A7E00DA7EC1 /* RecipeAppNavigationProtocol.swift in Sources */ = {isa = PBXBuildFile; fileRef = F368037B2D096A7E00DA7EC1 /* RecipeAppNavigationProtocol.swift */; };
		F368042D2D0A5B8000DA7EC1 /* MainTabView.swift in Sources */ = {isa = PBXBuildFile; fileRef = F368042C2D0A5B8000DA7EC1 /* MainTabView.swift */; };
		F36804362D0A5EA700DA7EC1 /* DataModel.xcdatamodeld in Sources */ = {isa = PBXBuildFile; fileRef = F36804342D0A5EA700DA7EC1 /* DataModel.xcdatamodeld */; };
		F36804382D0ABCAE00DA7EC1 /* SearchView.swift in Sources */ = {isa = PBXBuildFile; fileRef = F36804372D0ABCAE00DA7EC1 /* SearchView.swift */; };
		F368043B2D0ABCD200DA7EC1 /* SavedRecipesView.swift in Sources */ = {isa = PBXBuildFile; fileRef = F368043A2D0ABCD200DA7EC1 /* SavedRecipesView.swift */; };
		F36804442D0ACDA000DA7EC1 /* LoginViewModel.swift in Sources */ = {isa = PBXBuildFile; fileRef = F36804432D0ACDA000DA7EC1 /* LoginViewModel.swift */; };
		F36804462D0ACDAD00DA7EC1 /* UserModel.swift in Sources */ = {isa = PBXBuildFile; fileRef = F36804452D0ACDAD00DA7EC1 /* UserModel.swift */; };
		F36804482D0B351600DA7EC1 /* Strings.swift in Sources */ = {isa = PBXBuildFile; fileRef = F36804472D0B351600DA7EC1 /* Strings.swift */; };
		F38E76BF2CFF0617005756A5 /* RecipeAppSwiftUIApp.swift in Sources */ = {isa = PBXBuildFile; fileRef = F38E76BE2CFF0617005756A5 /* RecipeAppSwiftUIApp.swift */; };
		F38E76C32CFF0618005756A5 /* Assets.xcassets in Resources */ = {isa = PBXBuildFile; fileRef = F38E76C22CFF0618005756A5 /* Assets.xcassets */; };
		F38E76C62CFF0618005756A5 /* Preview Assets.xcassets in Resources */ = {isa = PBXBuildFile; fileRef = F38E76C52CFF0618005756A5 /* Preview Assets.xcassets */; };
		F38E76D02CFF0619005756A5 /* CategoriesViewModelTests.swift in Sources */ = {isa = PBXBuildFile; fileRef = F38E76CF2CFF0619005756A5 /* CategoriesViewModelTests.swift */; };
		F38E76DA2CFF0619005756A5 /* RecipeAppSwiftUIUITests.swift in Sources */ = {isa = PBXBuildFile; fileRef = F38E76D92CFF0619005756A5 /* RecipeAppSwiftUIUITests.swift */; };
		F38E76DC2CFF0619005756A5 /* RecipeAppSwiftUIUITestsLaunchTests.swift in Sources */ = {isa = PBXBuildFile; fileRef = F38E76DB2CFF0619005756A5 /* RecipeAppSwiftUIUITestsLaunchTests.swift */; };
		F38E76E92CFF16B4005756A5 /* CategoriesModel.swift in Sources */ = {isa = PBXBuildFile; fileRef = F38E76E82CFF16B4005756A5 /* CategoriesModel.swift */; };
		F38E76EC2CFF17DE005756A5 /* CategoriesViewModel.swift in Sources */ = {isa = PBXBuildFile; fileRef = F38E76EB2CFF17DE005756A5 /* CategoriesViewModel.swift */; };
		F38E76EF2CFF1829005756A5 /* CategoriesView.swift in Sources */ = {isa = PBXBuildFile; fileRef = F38E76EE2CFF1829005756A5 /* CategoriesView.swift */; };
		F38E76F62CFF5702005756A5 /* Environment.swift in Sources */ = {isa = PBXBuildFile; fileRef = F38E76F52CFF5702005756A5 /* Environment.swift */; };
		F3BA8E272D0C3C6700E24A06 /* CoreDataService.swift in Sources */ = {isa = PBXBuildFile; fileRef = F3BA8E262D0C3C6700E24A06 /* CoreDataService.swift */; };
		F3BA8E2A2D0C3C9400E24A06 /* LoginView.swift in Sources */ = {isa = PBXBuildFile; fileRef = F3BA8E292D0C3C9400E24A06 /* LoginView.swift */; };
		F3BA8E2C2D0C74D400E24A06 /* UIView+Extenion.swift in Sources */ = {isa = PBXBuildFile; fileRef = F3BA8E2B2D0C74BA00E24A06 /* UIView+Extenion.swift */; };
		F3BA8E692D1010FA00E24A06 /* RegistrationView.swift in Sources */ = {isa = PBXBuildFile; fileRef = F3BA8E682D1010F300E24A06 /* RegistrationView.swift */; };
		F3BA8E6C2D10111500E24A06 /* RegistrationViewModel.swift in Sources */ = {isa = PBXBuildFile; fileRef = F3BA8E6B2D10110D00E24A06 /* RegistrationViewModel.swift */; };
		F3BA8E6E2D1011A800E24A06 /* AppEntryView.swift in Sources */ = {isa = PBXBuildFile; fileRef = F3BA8E6D2D1011A200E24A06 /* AppEntryView.swift */; };
		F3BA8E702D11834A00E24A06 /* SearchViewModel.swift in Sources */ = {isa = PBXBuildFile; fileRef = F3BA8E6F2D11834200E24A06 /* SearchViewModel.swift */; };
		F3BA8E912D14102A00E24A06 /* ProfileViewModel.swift in Sources */ = {isa = PBXBuildFile; fileRef = F3BA8E902D14102600E24A06 /* ProfileViewModel.swift */; };
		F3BA8E942D14105600E24A06 /* ProfileView.swift in Sources */ = {isa = PBXBuildFile; fileRef = F3BA8E932D14104F00E24A06 /* ProfileView.swift */; };
		F3BA8EBB2D148A7300E24A06 /* MapViewCoordinator.swift in Sources */ = {isa = PBXBuildFile; fileRef = F3BA8EBA2D148A6C00E24A06 /* MapViewCoordinator.swift */; };
		F3BA8EBD2D148D4200E24A06 /* MapView.swift in Sources */ = {isa = PBXBuildFile; fileRef = F3BA8EBC2D148D3F00E24A06 /* MapView.swift */; };
		F3BA8EBF2D148F3800E24A06 /* ImagePicker.swift in Sources */ = {isa = PBXBuildFile; fileRef = F3BA8EBE2D148F2C00E24A06 /* ImagePicker.swift */; };
		F3BA8EC12D1565D600E24A06 /* SavedRecipesViewModel.swift in Sources */ = {isa = PBXBuildFile; fileRef = F3BA8EC02D1565CC00E24A06 /* SavedRecipesViewModel.swift */; };
/* End PBXBuildFile section */

/* Begin PBXContainerItemProxy section */
		F38E76CC2CFF0619005756A5 /* PBXContainerItemProxy */ = {
			isa = PBXContainerItemProxy;
			containerPortal = F38E76B32CFF0617005756A5 /* Project object */;
			proxyType = 1;
			remoteGlobalIDString = F38E76BA2CFF0617005756A5;
			remoteInfo = RecipeAppSwiftUI;
		};
		F38E76D62CFF0619005756A5 /* PBXContainerItemProxy */ = {
			isa = PBXContainerItemProxy;
			containerPortal = F38E76B32CFF0617005756A5 /* Project object */;
			proxyType = 1;
			remoteGlobalIDString = F38E76BA2CFF0617005756A5;
			remoteInfo = RecipeAppSwiftUI;
		};
/* End PBXContainerItemProxy section */

/* Begin PBXFileReference section */
		F36803172D0083CA00DA7EC1 /* RecipeListView.swift */ = {isa = PBXFileReference; lastKnownFileType = sourcecode.swift; path = RecipeListView.swift; sourceTree = "<group>"; };
		F36803192D00840000DA7EC1 /* RecipeListViewModel.swift */ = {isa = PBXFileReference; lastKnownFileType = sourcecode.swift; path = RecipeListViewModel.swift; sourceTree = "<group>"; };
		F368031B2D00843000DA7EC1 /* RecipeListModel.swift */ = {isa = PBXFileReference; lastKnownFileType = sourcecode.swift; path = RecipeListModel.swift; sourceTree = "<group>"; };
		F368031D2D0086F900DA7EC1 /* APIService.swift */ = {isa = PBXFileReference; lastKnownFileType = sourcecode.swift; path = APIService.swift; sourceTree = "<group>"; };
		F368031F2D008A3400DA7EC1 /* RecipeDetailModel.swift */ = {isa = PBXFileReference; lastKnownFileType = sourcecode.swift; path = RecipeDetailModel.swift; sourceTree = "<group>"; };
		F36803212D008A5500DA7EC1 /* RecipeDetailViewModel.swift */ = {isa = PBXFileReference; lastKnownFileType = sourcecode.swift; path = RecipeDetailViewModel.swift; sourceTree = "<group>"; };
		F36803232D008A7000DA7EC1 /* RecipeDetailView.swift */ = {isa = PBXFileReference; lastKnownFileType = sourcecode.swift; path = RecipeDetailView.swift; sourceTree = "<group>"; };
		F36803262D00938300DA7EC1 /* Release.xcconfig */ = {isa = PBXFileReference; lastKnownFileType = text.xcconfig; path = Release.xcconfig; sourceTree = "<group>"; };
		F36803282D0093A400DA7EC1 /* Debug.xcconfig */ = {isa = PBXFileReference; lastKnownFileType = text.xcconfig; path = Debug.xcconfig; sourceTree = "<group>"; };
		F36803292D00A06000DA7EC1 /* Info.plist */ = {isa = PBXFileReference; lastKnownFileType = text.plist.xml; path = Info.plist; sourceTree = "<group>"; };
		F368032C2D00A7FD00DA7EC1 /* RouterHelper.swift */ = {isa = PBXFileReference; lastKnownFileType = sourcecode.swift; path = RouterHelper.swift; sourceTree = "<group>"; };
		F368032E2D00AC8F00DA7EC1 /* Router.swift */ = {isa = PBXFileReference; lastKnownFileType = sourcecode.swift; path = Router.swift; sourceTree = "<group>"; };
		F36803322D00B22D00DA7EC1 /* DirectURLRouter.swift */ = {isa = PBXFileReference; lastKnownFileType = sourcecode.swift; path = DirectURLRouter.swift; sourceTree = "<group>"; };
		F36803342D00B64600DA7EC1 /* Endpoints.swift */ = {isa = PBXFileReference; lastKnownFileType = sourcecode.swift; path = Endpoints.swift; sourceTree = "<group>"; };
		F36803362D00C13B00DA7EC1 /* Logger.swift */ = {isa = PBXFileReference; lastKnownFileType = sourcecode.swift; path = Logger.swift; sourceTree = "<group>"; };
		F36803392D00C9C500DA7EC1 /* DateFormatter+Extension.swift */ = {isa = PBXFileReference; lastKnownFileType = sourcecode.swift; path = "DateFormatter+Extension.swift"; sourceTree = "<group>"; };
		F368033C2D01C0D500DA7EC1 /* MockNetworkPathMonitor.swift */ = {isa = PBXFileReference; lastKnownFileType = sourcecode.swift; path = MockNetworkPathMonitor.swift; sourceTree = "<group>"; };
		F368033F2D01C15500DA7EC1 /* MockAPIService.swift */ = {isa = PBXFileReference; lastKnownFileType = sourcecode.swift; path = MockAPIService.swift; sourceTree = "<group>"; };
		F36803452D01CC4300DA7EC1 /* NetworkStateMonitor.swift */ = {isa = PBXFileReference; fileEncoding = 4; lastKnownFileType = sourcecode.swift; path = NetworkStateMonitor.swift; sourceTree = "<group>"; };
		F36803472D01D37B00DA7EC1 /* APIServiceTests.swift */ = {isa = PBXFileReference; lastKnownFileType = sourcecode.swift; path = APIServiceTests.swift; sourceTree = "<group>"; };
		F36803492D01D3DB00DA7EC1 /* MockRouter.swift */ = {isa = PBXFileReference; lastKnownFileType = sourcecode.swift; path = MockRouter.swift; sourceTree = "<group>"; };
		F368034B2D01D48600DA7EC1 /* MockEndpoint.swift */ = {isa = PBXFileReference; lastKnownFileType = sourcecode.swift; path = MockEndpoint.swift; sourceTree = "<group>"; };
		F368034D2D01D4AD00DA7EC1 /* MockURLProtocols.swift */ = {isa = PBXFileReference; lastKnownFileType = sourcecode.swift; path = MockURLProtocols.swift; sourceTree = "<group>"; };
		F36803502D01D4FD00DA7EC1 /* DirectURLRounterTests.swift */ = {isa = PBXFileReference; lastKnownFileType = sourcecode.swift; path = DirectURLRounterTests.swift; sourceTree = "<group>"; };
		F36803542D01E8CB00DA7EC1 /* TestDataHelper.swift */ = {isa = PBXFileReference; lastKnownFileType = sourcecode.swift; path = TestDataHelper.swift; sourceTree = "<group>"; };
		F368035B2D027EB400DA7EC1 /* RecipeListViewModelTests.swift */ = {isa = PBXFileReference; lastKnownFileType = sourcecode.swift; path = RecipeListViewModelTests.swift; sourceTree = "<group>"; };
		F368035D2D027ECE00DA7EC1 /* RecipeDetailsViewModelTests.swift */ = {isa = PBXFileReference; lastKnownFileType = sourcecode.swift; path = RecipeDetailsViewModelTests.swift; sourceTree = "<group>"; };
		F36803712D089D4900DA7EC1 /* en */ = {isa = PBXFileReference; lastKnownFileType = text.plist.strings; name = en; path = en.lproj/Localizable.strings; sourceTree = "<group>"; };
		F36803772D0909EF00DA7EC1 /* DependencyManager.swift */ = {isa = PBXFileReference; lastKnownFileType = sourcecode.swift; path = DependencyManager.swift; sourceTree = "<group>"; };
		F368037B2D096A7E00DA7EC1 /* RecipeAppNavigationProtocol.swift */ = {isa = PBXFileReference; lastKnownFileType = sourcecode.swift; path = RecipeAppNavigationProtocol.swift; sourceTree = "<group>"; };
		F368042C2D0A5B8000DA7EC1 /* MainTabView.swift */ = {isa = PBXFileReference; lastKnownFileType = sourcecode.swift; path = MainTabView.swift; sourceTree = "<group>"; };
		F36804352D0A5EA700DA7EC1 /* DataModel.xcdatamodel */ = {isa = PBXFileReference; lastKnownFileType = wrapper.xcdatamodel; path = DataModel.xcdatamodel; sourceTree = "<group>"; };
		F36804372D0ABCAE00DA7EC1 /* SearchView.swift */ = {isa = PBXFileReference; lastKnownFileType = sourcecode.swift; path = SearchView.swift; sourceTree = "<group>"; };
		F368043A2D0ABCD200DA7EC1 /* SavedRecipesView.swift */ = {isa = PBXFileReference; lastKnownFileType = sourcecode.swift; path = SavedRecipesView.swift; sourceTree = "<group>"; };
		F36804432D0ACDA000DA7EC1 /* LoginViewModel.swift */ = {isa = PBXFileReference; lastKnownFileType = sourcecode.swift; path = LoginViewModel.swift; sourceTree = "<group>"; };
		F36804452D0ACDAD00DA7EC1 /* UserModel.swift */ = {isa = PBXFileReference; lastKnownFileType = sourcecode.swift; path = UserModel.swift; sourceTree = "<group>"; };
		F36804472D0B351600DA7EC1 /* Strings.swift */ = {isa = PBXFileReference; lastKnownFileType = sourcecode.swift; path = Strings.swift; sourceTree = "<group>"; };
		F38E76BB2CFF0617005756A5 /* RecipeAppSwiftUI.app */ = {isa = PBXFileReference; explicitFileType = wrapper.application; includeInIndex = 0; path = RecipeAppSwiftUI.app; sourceTree = BUILT_PRODUCTS_DIR; };
		F38E76BE2CFF0617005756A5 /* RecipeAppSwiftUIApp.swift */ = {isa = PBXFileReference; lastKnownFileType = sourcecode.swift; path = RecipeAppSwiftUIApp.swift; sourceTree = "<group>"; };
		F38E76C22CFF0618005756A5 /* Assets.xcassets */ = {isa = PBXFileReference; lastKnownFileType = folder.assetcatalog; path = Assets.xcassets; sourceTree = "<group>"; };
		F38E76C52CFF0618005756A5 /* Preview Assets.xcassets */ = {isa = PBXFileReference; lastKnownFileType = folder.assetcatalog; path = "Preview Assets.xcassets"; sourceTree = "<group>"; };
		F38E76CB2CFF0619005756A5 /* RecipeAppSwiftUITests.xctest */ = {isa = PBXFileReference; explicitFileType = wrapper.cfbundle; includeInIndex = 0; path = RecipeAppSwiftUITests.xctest; sourceTree = BUILT_PRODUCTS_DIR; };
		F38E76CF2CFF0619005756A5 /* CategoriesViewModelTests.swift */ = {isa = PBXFileReference; lastKnownFileType = sourcecode.swift; path = CategoriesViewModelTests.swift; sourceTree = "<group>"; };
		F38E76D52CFF0619005756A5 /* RecipeAppSwiftUIUITests.xctest */ = {isa = PBXFileReference; explicitFileType = wrapper.cfbundle; includeInIndex = 0; path = RecipeAppSwiftUIUITests.xctest; sourceTree = BUILT_PRODUCTS_DIR; };
		F38E76D92CFF0619005756A5 /* RecipeAppSwiftUIUITests.swift */ = {isa = PBXFileReference; lastKnownFileType = sourcecode.swift; path = RecipeAppSwiftUIUITests.swift; sourceTree = "<group>"; };
		F38E76DB2CFF0619005756A5 /* RecipeAppSwiftUIUITestsLaunchTests.swift */ = {isa = PBXFileReference; lastKnownFileType = sourcecode.swift; path = RecipeAppSwiftUIUITestsLaunchTests.swift; sourceTree = "<group>"; };
		F38E76E82CFF16B4005756A5 /* CategoriesModel.swift */ = {isa = PBXFileReference; lastKnownFileType = sourcecode.swift; path = CategoriesModel.swift; sourceTree = "<group>"; };
		F38E76EB2CFF17DE005756A5 /* CategoriesViewModel.swift */ = {isa = PBXFileReference; lastKnownFileType = sourcecode.swift; path = CategoriesViewModel.swift; sourceTree = "<group>"; };
		F38E76EE2CFF1829005756A5 /* CategoriesView.swift */ = {isa = PBXFileReference; lastKnownFileType = sourcecode.swift; path = CategoriesView.swift; sourceTree = "<group>"; };
		F38E76F52CFF5702005756A5 /* Environment.swift */ = {isa = PBXFileReference; lastKnownFileType = sourcecode.swift; path = Environment.swift; sourceTree = "<group>"; };
		F3BA8E262D0C3C6700E24A06 /* CoreDataService.swift */ = {isa = PBXFileReference; lastKnownFileType = sourcecode.swift; path = CoreDataService.swift; sourceTree = "<group>"; };
		F3BA8E292D0C3C9400E24A06 /* LoginView.swift */ = {isa = PBXFileReference; lastKnownFileType = sourcecode.swift; path = LoginView.swift; sourceTree = "<group>"; };
		F3BA8E2B2D0C74BA00E24A06 /* UIView+Extenion.swift */ = {isa = PBXFileReference; lastKnownFileType = sourcecode.swift; path = "UIView+Extenion.swift"; sourceTree = "<group>"; };
		F3BA8E682D1010F300E24A06 /* RegistrationView.swift */ = {isa = PBXFileReference; lastKnownFileType = sourcecode.swift; path = RegistrationView.swift; sourceTree = "<group>"; };
		F3BA8E6B2D10110D00E24A06 /* RegistrationViewModel.swift */ = {isa = PBXFileReference; lastKnownFileType = sourcecode.swift; path = RegistrationViewModel.swift; sourceTree = "<group>"; };
		F3BA8E6D2D1011A200E24A06 /* AppEntryView.swift */ = {isa = PBXFileReference; lastKnownFileType = sourcecode.swift; path = AppEntryView.swift; sourceTree = "<group>"; };
		F3BA8E6F2D11834200E24A06 /* SearchViewModel.swift */ = {isa = PBXFileReference; lastKnownFileType = sourcecode.swift; path = SearchViewModel.swift; sourceTree = "<group>"; };
		F3BA8E902D14102600E24A06 /* ProfileViewModel.swift */ = {isa = PBXFileReference; lastKnownFileType = sourcecode.swift; path = ProfileViewModel.swift; sourceTree = "<group>"; };
		F3BA8E932D14104F00E24A06 /* ProfileView.swift */ = {isa = PBXFileReference; lastKnownFileType = sourcecode.swift; path = ProfileView.swift; sourceTree = "<group>"; };
		F3BA8EBA2D148A6C00E24A06 /* MapViewCoordinator.swift */ = {isa = PBXFileReference; lastKnownFileType = sourcecode.swift; path = MapViewCoordinator.swift; sourceTree = "<group>"; };
		F3BA8EBC2D148D3F00E24A06 /* MapView.swift */ = {isa = PBXFileReference; lastKnownFileType = sourcecode.swift; path = MapView.swift; sourceTree = "<group>"; };
		F3BA8EBE2D148F2C00E24A06 /* ImagePicker.swift */ = {isa = PBXFileReference; lastKnownFileType = sourcecode.swift; path = ImagePicker.swift; sourceTree = "<group>"; };
		F3BA8EC02D1565CC00E24A06 /* SavedRecipesViewModel.swift */ = {isa = PBXFileReference; lastKnownFileType = sourcecode.swift; path = SavedRecipesViewModel.swift; sourceTree = "<group>"; };
/* End PBXFileReference section */

/* Begin PBXFrameworksBuildPhase section */
		F38E76B82CFF0617005756A5 /* Frameworks */ = {
			isa = PBXFrameworksBuildPhase;
			buildActionMask = 2147483647;
			files = (
			);
			runOnlyForDeploymentPostprocessing = 0;
		};
		F38E76C82CFF0619005756A5 /* Frameworks */ = {
			isa = PBXFrameworksBuildPhase;
			buildActionMask = 2147483647;
			files = (
			);
			runOnlyForDeploymentPostprocessing = 0;
		};
		F38E76D22CFF0619005756A5 /* Frameworks */ = {
			isa = PBXFrameworksBuildPhase;
			buildActionMask = 2147483647;
			files = (
			);
			runOnlyForDeploymentPostprocessing = 0;
		};
/* End PBXFrameworksBuildPhase section */

/* Begin PBXGroup section */
		F36803252D0092D600DA7EC1 /* Configurations */ = {
			isa = PBXGroup;
			children = (
				F36804342D0A5EA700DA7EC1 /* DataModel.xcdatamodeld */,
				F38E76F52CFF5702005756A5 /* Environment.swift */,
				F36803282D0093A400DA7EC1 /* Debug.xcconfig */,
				F36803262D00938300DA7EC1 /* Release.xcconfig */,
			);
			path = Configurations;
			sourceTree = "<group>";
		};
		F368032A2D00A40200DA7EC1 /* Networking */ = {
			isa = PBXGroup;
			children = (
				F368032E2D00AC8F00DA7EC1 /* Router.swift */,
				F368032C2D00A7FD00DA7EC1 /* RouterHelper.swift */,
				F36803322D00B22D00DA7EC1 /* DirectURLRouter.swift */,
				F36803342D00B64600DA7EC1 /* Endpoints.swift */,
			);
			path = Networking;
			sourceTree = "<group>";
		};
		F36803382D00C14A00DA7EC1 /* Utils */ = {
			isa = PBXGroup;
			children = (
				F36803452D01CC4300DA7EC1 /* NetworkStateMonitor.swift */,
				F36803362D00C13B00DA7EC1 /* Logger.swift */,
			);
			path = Utils;
			sourceTree = "<group>";
		};
		F368033B2D00C9CE00DA7EC1 /* Extension */ = {
			isa = PBXGroup;
			children = (
				F3BA8E2B2D0C74BA00E24A06 /* UIView+Extenion.swift */,
				F36803392D00C9C500DA7EC1 /* DateFormatter+Extension.swift */,
			);
			path = Extension;
			sourceTree = "<group>";
		};
		F368033E2D01C12500DA7EC1 /* Mocks */ = {
			isa = PBXGroup;
			children = (
				F368033C2D01C0D500DA7EC1 /* MockNetworkPathMonitor.swift */,
				F368033F2D01C15500DA7EC1 /* MockAPIService.swift */,
				F36803492D01D3DB00DA7EC1 /* MockRouter.swift */,
				F368034B2D01D48600DA7EC1 /* MockEndpoint.swift */,
				F368034D2D01D4AD00DA7EC1 /* MockURLProtocols.swift */,
			);
			path = Mocks;
			sourceTree = "<group>";
		};
		F36803412D01C18000DA7EC1 /* ViewModelTests */ = {
			isa = PBXGroup;
			children = (
				F38E76CF2CFF0619005756A5 /* CategoriesViewModelTests.swift */,
				F368035B2D027EB400DA7EC1 /* RecipeListViewModelTests.swift */,
				F368035D2D027ECE00DA7EC1 /* RecipeDetailsViewModelTests.swift */,
			);
			path = ViewModelTests;
			sourceTree = "<group>";
		};
		F368034F2D01D4DA00DA7EC1 /* NetworkingTests */ = {
			isa = PBXGroup;
			children = (
				F36803472D01D37B00DA7EC1 /* APIServiceTests.swift */,
				F36803502D01D4FD00DA7EC1 /* DirectURLRounterTests.swift */,
			);
			path = NetworkingTests;
			sourceTree = "<group>";
		};
		F36803562D01E8D700DA7EC1 /* Helpers */ = {
			isa = PBXGroup;
			children = (
				F36803542D01E8CB00DA7EC1 /* TestDataHelper.swift */,
			);
			path = Helpers;
			sourceTree = "<group>";
		};
		F36803692D02FDA000DA7EC1 /* Categories */ = {
			isa = PBXGroup;
			children = (
				F38E76EE2CFF1829005756A5 /* CategoriesView.swift */,
				F38E76EB2CFF17DE005756A5 /* CategoriesViewModel.swift */,
				F38E76E82CFF16B4005756A5 /* CategoriesModel.swift */,
			);
			path = Categories;
			sourceTree = "<group>";
		};
		F368036A2D02FDB300DA7EC1 /* RecipeList */ = {
			isa = PBXGroup;
			children = (
				F36803172D0083CA00DA7EC1 /* RecipeListView.swift */,
				F36803192D00840000DA7EC1 /* RecipeListViewModel.swift */,
				F368031B2D00843000DA7EC1 /* RecipeListModel.swift */,
			);
			path = RecipeList;
			sourceTree = "<group>";
		};
		F368036B2D02FE2000DA7EC1 /* RecipeDetails */ = {
			isa = PBXGroup;
			children = (
				F36803232D008A7000DA7EC1 /* RecipeDetailView.swift */,
				F36803212D008A5500DA7EC1 /* RecipeDetailViewModel.swift */,
				F368031F2D008A3400DA7EC1 /* RecipeDetailModel.swift */,
			);
			path = RecipeDetails;
			sourceTree = "<group>";
		};
		F368037D2D096A8F00DA7EC1 /* Base */ = {
			isa = PBXGroup;
			children = (
				F368037B2D096A7E00DA7EC1 /* RecipeAppNavigationProtocol.swift */,
				F36803772D0909EF00DA7EC1 /* DependencyManager.swift */,
				F36804302D0A5CDC00DA7EC1 /* Services */,
			);
			path = Base;
			sourceTree = "<group>";
		};
		F36804302D0A5CDC00DA7EC1 /* Services */ = {
			isa = PBXGroup;
			children = (
				F3BA8E262D0C3C6700E24A06 /* CoreDataService.swift */,
				F368031D2D0086F900DA7EC1 /* APIService.swift */,
			);
			path = Services;
			sourceTree = "<group>";
		};
		F36804392D0ABCB600DA7EC1 /* SearchView */ = {
			isa = PBXGroup;
			children = (
				F36804372D0ABCAE00DA7EC1 /* SearchView.swift */,
				F3BA8E6F2D11834200E24A06 /* SearchViewModel.swift */,
			);
			path = SearchView;
			sourceTree = "<group>";
		};
		F368043C2D0ABCDC00DA7EC1 /* SavedRecipesView */ = {
			isa = PBXGroup;
			children = (
				F368043A2D0ABCD200DA7EC1 /* SavedRecipesView.swift */,
				F3BA8EC02D1565CC00E24A06 /* SavedRecipesViewModel.swift */,
			);
			path = SavedRecipesView;
			sourceTree = "<group>";
		};
		F36804422D0ACD8700DA7EC1 /* LoginView */ = {
			isa = PBXGroup;
			children = (
				F3BA8E292D0C3C9400E24A06 /* LoginView.swift */,
				F36804432D0ACDA000DA7EC1 /* LoginViewModel.swift */,
				F36804452D0ACDAD00DA7EC1 /* UserModel.swift */,
			);
			path = LoginView;
			sourceTree = "<group>";
		};
		F38E76B22CFF0617005756A5 = {
			isa = PBXGroup;
			children = (
				F38E76BD2CFF0617005756A5 /* RecipeAppSwiftUI */,
				F38E76CE2CFF0619005756A5 /* RecipeAppSwiftUITests */,
				F38E76D82CFF0619005756A5 /* RecipeAppSwiftUIUITests */,
				F38E76BC2CFF0617005756A5 /* Products */,
			);
			sourceTree = "<group>";
		};
		F38E76BC2CFF0617005756A5 /* Products */ = {
			isa = PBXGroup;
			children = (
				F38E76BB2CFF0617005756A5 /* RecipeAppSwiftUI.app */,
				F38E76CB2CFF0619005756A5 /* RecipeAppSwiftUITests.xctest */,
				F38E76D52CFF0619005756A5 /* RecipeAppSwiftUIUITests.xctest */,
			);
			name = Products;
			sourceTree = "<group>";
		};
		F38E76BD2CFF0617005756A5 /* RecipeAppSwiftUI */ = {
			isa = PBXGroup;
			children = (
				F38E76BE2CFF0617005756A5 /* RecipeAppSwiftUIApp.swift */,
				F3BA8E6D2D1011A200E24A06 /* AppEntryView.swift */,
				F368037D2D096A8F00DA7EC1 /* Base */,
				F36803382D00C14A00DA7EC1 /* Utils */,
				F368033B2D00C9CE00DA7EC1 /* Extension */,
				F368032A2D00A40200DA7EC1 /* Networking */,
				F38E76ED2CFF17F3005756A5 /* Modules */,
				F36803252D0092D600DA7EC1 /* Configurations */,
				F38E76C22CFF0618005756A5 /* Assets.xcassets */,
				F36803702D089D4900DA7EC1 /* Localizable.strings */,
				F36804472D0B351600DA7EC1 /* Strings.swift */,
				F36803292D00A06000DA7EC1 /* Info.plist */,
				F38E76C42CFF0618005756A5 /* Preview Content */,
			);
			path = RecipeAppSwiftUI;
			sourceTree = "<group>";
		};
		F38E76C42CFF0618005756A5 /* Preview Content */ = {
			isa = PBXGroup;
			children = (
				F38E76C52CFF0618005756A5 /* Preview Assets.xcassets */,
			);
			path = "Preview Content";
			sourceTree = "<group>";
		};
		F38E76CE2CFF0619005756A5 /* RecipeAppSwiftUITests */ = {
			isa = PBXGroup;
			children = (
				F368033E2D01C12500DA7EC1 /* Mocks */,
				F36803412D01C18000DA7EC1 /* ViewModelTests */,
				F368034F2D01D4DA00DA7EC1 /* NetworkingTests */,
				F36803562D01E8D700DA7EC1 /* Helpers */,
			);
			path = RecipeAppSwiftUITests;
			sourceTree = "<group>";
		};
		F38E76D82CFF0619005756A5 /* RecipeAppSwiftUIUITests */ = {
			isa = PBXGroup;
			children = (
				F38E76D92CFF0619005756A5 /* RecipeAppSwiftUIUITests.swift */,
				F38E76DB2CFF0619005756A5 /* RecipeAppSwiftUIUITestsLaunchTests.swift */,
			);
			path = RecipeAppSwiftUIUITests;
			sourceTree = "<group>";
		};
		F38E76ED2CFF17F3005756A5 /* Modules */ = {
			isa = PBXGroup;
			children = (
				F368042C2D0A5B8000DA7EC1 /* MainTabView.swift */,
				F3BA8E6A2D10110000E24A06 /* Registration */,
				F36804422D0ACD8700DA7EC1 /* LoginView */,
				F3BA8E922D14103A00E24A06 /* Profile */,
				F368043C2D0ABCDC00DA7EC1 /* SavedRecipesView */,
				F36804392D0ABCB600DA7EC1 /* SearchView */,
				F36803692D02FDA000DA7EC1 /* Categories */,
				F368036A2D02FDB300DA7EC1 /* RecipeList */,
				F368036B2D02FE2000DA7EC1 /* RecipeDetails */,
			);
			path = Modules;
			sourceTree = "<group>";
		};
		F3BA8E6A2D10110000E24A06 /* Registration */ = {
			isa = PBXGroup;
			children = (
				F3BA8E682D1010F300E24A06 /* RegistrationView.swift */,
				F3BA8E6B2D10110D00E24A06 /* RegistrationViewModel.swift */,
			);
			path = Registration;
			sourceTree = "<group>";
		};
		F3BA8E922D14103A00E24A06 /* Profile */ = {
			isa = PBXGroup;
			children = (
				F3BA8E932D14104F00E24A06 /* ProfileView.swift */,
				F3BA8E902D14102600E24A06 /* ProfileViewModel.swift */,
				F3BA8EBE2D148F2C00E24A06 /* ImagePicker.swift */,
				F3BA8EBC2D148D3F00E24A06 /* MapView.swift */,
				F3BA8EBA2D148A6C00E24A06 /* MapViewCoordinator.swift */,
			);
			path = Profile;
			sourceTree = "<group>";
		};
/* End PBXGroup section */

/* Begin PBXNativeTarget section */
		F38E76BA2CFF0617005756A5 /* RecipeAppSwiftUI */ = {
			isa = PBXNativeTarget;
			buildConfigurationList = F38E76DF2CFF0619005756A5 /* Build configuration list for PBXNativeTarget "RecipeAppSwiftUI" */;
			buildPhases = (
				F38E76B72CFF0617005756A5 /* Sources */,
				F38E76B82CFF0617005756A5 /* Frameworks */,
				F38E76B92CFF0617005756A5 /* Resources */,
			);
			buildRules = (
			);
			dependencies = (
			);
			name = RecipeAppSwiftUI;
			productName = RecipeAppSwiftUI;
			productReference = F38E76BB2CFF0617005756A5 /* RecipeAppSwiftUI.app */;
			productType = "com.apple.product-type.application";
		};
		F38E76CA2CFF0619005756A5 /* RecipeAppSwiftUITests */ = {
			isa = PBXNativeTarget;
			buildConfigurationList = F38E76E22CFF0619005756A5 /* Build configuration list for PBXNativeTarget "RecipeAppSwiftUITests" */;
			buildPhases = (
				F38E76C72CFF0619005756A5 /* Sources */,
				F38E76C82CFF0619005756A5 /* Frameworks */,
				F38E76C92CFF0619005756A5 /* Resources */,
			);
			buildRules = (
			);
			dependencies = (
				F38E76CD2CFF0619005756A5 /* PBXTargetDependency */,
			);
			name = RecipeAppSwiftUITests;
			productName = RecipeAppSwiftUITests;
			productReference = F38E76CB2CFF0619005756A5 /* RecipeAppSwiftUITests.xctest */;
			productType = "com.apple.product-type.bundle.unit-test";
		};
		F38E76D42CFF0619005756A5 /* RecipeAppSwiftUIUITests */ = {
			isa = PBXNativeTarget;
			buildConfigurationList = F38E76E52CFF0619005756A5 /* Build configuration list for PBXNativeTarget "RecipeAppSwiftUIUITests" */;
			buildPhases = (
				F38E76D12CFF0619005756A5 /* Sources */,
				F38E76D22CFF0619005756A5 /* Frameworks */,
				F38E76D32CFF0619005756A5 /* Resources */,
			);
			buildRules = (
			);
			dependencies = (
				F38E76D72CFF0619005756A5 /* PBXTargetDependency */,
			);
			name = RecipeAppSwiftUIUITests;
			productName = RecipeAppSwiftUIUITests;
			productReference = F38E76D52CFF0619005756A5 /* RecipeAppSwiftUIUITests.xctest */;
			productType = "com.apple.product-type.bundle.ui-testing";
		};
/* End PBXNativeTarget section */

/* Begin PBXProject section */
		F38E76B32CFF0617005756A5 /* Project object */ = {
			isa = PBXProject;
			attributes = {
				BuildIndependentTargetsInParallel = 1;
				LastSwiftUpdateCheck = 1540;
				LastUpgradeCheck = 1540;
				TargetAttributes = {
					F38E76BA2CFF0617005756A5 = {
						CreatedOnToolsVersion = 15.4;
					};
					F38E76CA2CFF0619005756A5 = {
						CreatedOnToolsVersion = 15.4;
						TestTargetID = F38E76BA2CFF0617005756A5;
					};
					F38E76D42CFF0619005756A5 = {
						CreatedOnToolsVersion = 15.4;
						TestTargetID = F38E76BA2CFF0617005756A5;
					};
				};
			};
			buildConfigurationList = F38E76B62CFF0617005756A5 /* Build configuration list for PBXProject "RecipeAppSwiftUI" */;
			compatibilityVersion = "Xcode 14.0";
			developmentRegion = en;
			hasScannedForEncodings = 0;
			knownRegions = (
				en,
				Base,
				"mr-IN",
			);
			mainGroup = F38E76B22CFF0617005756A5;
			productRefGroup = F38E76BC2CFF0617005756A5 /* Products */;
			projectDirPath = "";
			projectRoot = "";
			targets = (
				F38E76BA2CFF0617005756A5 /* RecipeAppSwiftUI */,
				F38E76CA2CFF0619005756A5 /* RecipeAppSwiftUITests */,
				F38E76D42CFF0619005756A5 /* RecipeAppSwiftUIUITests */,
			);
		};
/* End PBXProject section */

/* Begin PBXResourcesBuildPhase section */
		F38E76B92CFF0617005756A5 /* Resources */ = {
			isa = PBXResourcesBuildPhase;
			buildActionMask = 2147483647;
			files = (
				F38E76C62CFF0618005756A5 /* Preview Assets.xcassets in Resources */,
				F36803722D089D4900DA7EC1 /* Localizable.strings in Resources */,
				F38E76C32CFF0618005756A5 /* Assets.xcassets in Resources */,
			);
			runOnlyForDeploymentPostprocessing = 0;
		};
		F38E76C92CFF0619005756A5 /* Resources */ = {
			isa = PBXResourcesBuildPhase;
			buildActionMask = 2147483647;
			files = (
			);
			runOnlyForDeploymentPostprocessing = 0;
		};
		F38E76D32CFF0619005756A5 /* Resources */ = {
			isa = PBXResourcesBuildPhase;
			buildActionMask = 2147483647;
			files = (
			);
			runOnlyForDeploymentPostprocessing = 0;
		};
/* End PBXResourcesBuildPhase section */

/* Begin PBXSourcesBuildPhase section */
		F38E76B72CFF0617005756A5 /* Sources */ = {
			isa = PBXSourcesBuildPhase;
			buildActionMask = 2147483647;
			files = (
				F3BA8E272D0C3C6700E24A06 /* CoreDataService.swift in Sources */,
				F3BA8E6C2D10111500E24A06 /* RegistrationViewModel.swift in Sources */,
				F3BA8E692D1010FA00E24A06 /* RegistrationView.swift in Sources */,
				F368037C2D096A7E00DA7EC1 /* RecipeAppNavigationProtocol.swift in Sources */,
				F3BA8EBD2D148D4200E24A06 /* MapView.swift in Sources */,
				F3BA8E6E2D1011A800E24A06 /* AppEntryView.swift in Sources */,
				F36803372D00C13B00DA7EC1 /* Logger.swift in Sources */,
				F3BA8E912D14102A00E24A06 /* ProfileViewModel.swift in Sources */,
				F3BA8E702D11834A00E24A06 /* SearchViewModel.swift in Sources */,
				F38E76E92CFF16B4005756A5 /* CategoriesModel.swift in Sources */,
				F36803222D008A5500DA7EC1 /* RecipeDetailViewModel.swift in Sources */,
				F38E76EF2CFF1829005756A5 /* CategoriesView.swift in Sources */,
				F368032D2D00A7FD00DA7EC1 /* RouterHelper.swift in Sources */,
				F3BA8E2C2D0C74D400E24A06 /* UIView+Extenion.swift in Sources */,
				F36803202D008A3400DA7EC1 /* RecipeDetailModel.swift in Sources */,
				F3BA8EBB2D148A7300E24A06 /* MapViewCoordinator.swift in Sources */,
				F36803332D00B22D00DA7EC1 /* DirectURLRouter.swift in Sources */,
				F3BA8E2A2D0C3C9400E24A06 /* LoginView.swift in Sources */,
				F3BA8E942D14105600E24A06 /* ProfileView.swift in Sources */,
				F38E76F62CFF5702005756A5 /* Environment.swift in Sources */,
				F36804462D0ACDAD00DA7EC1 /* UserModel.swift in Sources */,
				F368042D2D0A5B8000DA7EC1 /* MainTabView.swift in Sources */,
				F36804482D0B351600DA7EC1 /* Strings.swift in Sources */,
				F368031E2D0086F900DA7EC1 /* APIService.swift in Sources */,
				F36803462D01CC4300DA7EC1 /* NetworkStateMonitor.swift in Sources */,
				F368032F2D00AC8F00DA7EC1 /* Router.swift in Sources */,
				F36803242D008A7000DA7EC1 /* RecipeDetailView.swift in Sources */,
				F368043B2D0ABCD200DA7EC1 /* SavedRecipesView.swift in Sources */,
				F38E76EC2CFF17DE005756A5 /* CategoriesViewModel.swift in Sources */,
				F36803352D00B64600DA7EC1 /* Endpoints.swift in Sources */,
				F36804442D0ACDA000DA7EC1 /* LoginViewModel.swift in Sources */,
				F36803182D0083CA00DA7EC1 /* RecipeListView.swift in Sources */,
				F36804362D0A5EA700DA7EC1 /* DataModel.xcdatamodeld in Sources */,
				F3BA8EC12D1565D600E24A06 /* SavedRecipesViewModel.swift in Sources */,
				F368031C2D00843000DA7EC1 /* RecipeListModel.swift in Sources */,
				F38E76BF2CFF0617005756A5 /* RecipeAppSwiftUIApp.swift in Sources */,
				F368033A2D00C9C500DA7EC1 /* DateFormatter+Extension.swift in Sources */,
				F36804382D0ABCAE00DA7EC1 /* SearchView.swift in Sources */,
				F3BA8EBF2D148F3800E24A06 /* ImagePicker.swift in Sources */,
				F36803782D0909EF00DA7EC1 /* DependencyManager.swift in Sources */,
				F368031A2D00840000DA7EC1 /* RecipeListViewModel.swift in Sources */,
			);
			runOnlyForDeploymentPostprocessing = 0;
		};
		F38E76C72CFF0619005756A5 /* Sources */ = {
			isa = PBXSourcesBuildPhase;
			buildActionMask = 2147483647;
			files = (
				F368034C2D01D48600DA7EC1 /* MockEndpoint.swift in Sources */,
				F368034A2D01D3DB00DA7EC1 /* MockRouter.swift in Sources */,
				F36803402D01C15500DA7EC1 /* MockAPIService.swift in Sources */,
				F368034E2D01D4AD00DA7EC1 /* MockURLProtocols.swift in Sources */,
				F368033D2D01C0D500DA7EC1 /* MockNetworkPathMonitor.swift in Sources */,
				F38E76D02CFF0619005756A5 /* CategoriesViewModelTests.swift in Sources */,
				F36803482D01D37B00DA7EC1 /* APIServiceTests.swift in Sources */,
				F36803512D01D4FD00DA7EC1 /* DirectURLRounterTests.swift in Sources */,
				F368035C2D027EB400DA7EC1 /* RecipeListViewModelTests.swift in Sources */,
				F36803552D01E8CB00DA7EC1 /* TestDataHelper.swift in Sources */,
				F368035E2D027ECE00DA7EC1 /* RecipeDetailsViewModelTests.swift in Sources */,
			);
			runOnlyForDeploymentPostprocessing = 0;
		};
		F38E76D12CFF0619005756A5 /* Sources */ = {
			isa = PBXSourcesBuildPhase;
			buildActionMask = 2147483647;
			files = (
				F38E76DC2CFF0619005756A5 /* RecipeAppSwiftUIUITestsLaunchTests.swift in Sources */,
				F38E76DA2CFF0619005756A5 /* RecipeAppSwiftUIUITests.swift in Sources */,
			);
			runOnlyForDeploymentPostprocessing = 0;
		};
/* End PBXSourcesBuildPhase section */

/* Begin PBXTargetDependency section */
		F38E76CD2CFF0619005756A5 /* PBXTargetDependency */ = {
			isa = PBXTargetDependency;
			target = F38E76BA2CFF0617005756A5 /* RecipeAppSwiftUI */;
			targetProxy = F38E76CC2CFF0619005756A5 /* PBXContainerItemProxy */;
		};
		F38E76D72CFF0619005756A5 /* PBXTargetDependency */ = {
			isa = PBXTargetDependency;
			target = F38E76BA2CFF0617005756A5 /* RecipeAppSwiftUI */;
			targetProxy = F38E76D62CFF0619005756A5 /* PBXContainerItemProxy */;
		};
/* End PBXTargetDependency section */

/* Begin PBXVariantGroup section */
		F36803702D089D4900DA7EC1 /* Localizable.strings */ = {
			isa = PBXVariantGroup;
			children = (
				F36803712D089D4900DA7EC1 /* en */,
			);
			name = Localizable.strings;
			sourceTree = "<group>";
		};
/* End PBXVariantGroup section */

/* Begin XCBuildConfiguration section */
		F38E76DD2CFF0619005756A5 /* Debug */ = {
			isa = XCBuildConfiguration;
			baseConfigurationReference = F36803282D0093A400DA7EC1 /* Debug.xcconfig */;
			buildSettings = {
				ALWAYS_SEARCH_USER_PATHS = NO;
				ASSETCATALOG_COMPILER_GENERATE_SWIFT_ASSET_SYMBOL_EXTENSIONS = YES;
				CLANG_ANALYZER_LOCALIZABILITY_NONLOCALIZED = YES;
				CLANG_ANALYZER_NONNULL = YES;
				CLANG_ANALYZER_NUMBER_OBJECT_CONVERSION = YES_AGGRESSIVE;
				CLANG_CXX_LANGUAGE_STANDARD = "gnu++20";
				CLANG_ENABLE_MODULES = YES;
				CLANG_ENABLE_OBJC_ARC = YES;
				CLANG_ENABLE_OBJC_WEAK = YES;
				CLANG_WARN_BLOCK_CAPTURE_AUTORELEASING = YES;
				CLANG_WARN_BOOL_CONVERSION = YES;
				CLANG_WARN_COMMA = YES;
				CLANG_WARN_CONSTANT_CONVERSION = YES;
				CLANG_WARN_DEPRECATED_OBJC_IMPLEMENTATIONS = YES;
				CLANG_WARN_DIRECT_OBJC_ISA_USAGE = YES_ERROR;
				CLANG_WARN_DOCUMENTATION_COMMENTS = YES;
				CLANG_WARN_EMPTY_BODY = YES;
				CLANG_WARN_ENUM_CONVERSION = YES;
				CLANG_WARN_INFINITE_RECURSION = YES;
				CLANG_WARN_INT_CONVERSION = YES;
				CLANG_WARN_NON_LITERAL_NULL_CONVERSION = YES;
				CLANG_WARN_OBJC_IMPLICIT_RETAIN_SELF = YES;
				CLANG_WARN_OBJC_LITERAL_CONVERSION = YES;
				CLANG_WARN_OBJC_ROOT_CLASS = YES_ERROR;
				CLANG_WARN_QUOTED_INCLUDE_IN_FRAMEWORK_HEADER = YES;
				CLANG_WARN_RANGE_LOOP_ANALYSIS = YES;
				CLANG_WARN_STRICT_PROTOTYPES = YES;
				CLANG_WARN_SUSPICIOUS_MOVE = YES;
				CLANG_WARN_UNGUARDED_AVAILABILITY = YES_AGGRESSIVE;
				CLANG_WARN_UNREACHABLE_CODE = YES;
				CLANG_WARN__DUPLICATE_METHOD_MATCH = YES;
				COPY_PHASE_STRIP = NO;
				DEBUG_INFORMATION_FORMAT = dwarf;
				ENABLE_STRICT_OBJC_MSGSEND = YES;
				ENABLE_TESTABILITY = YES;
				ENABLE_USER_SCRIPT_SANDBOXING = YES;
				GCC_C_LANGUAGE_STANDARD = gnu17;
				GCC_DYNAMIC_NO_PIC = NO;
				GCC_NO_COMMON_BLOCKS = YES;
				GCC_OPTIMIZATION_LEVEL = 0;
				GCC_PREPROCESSOR_DEFINITIONS = (
					"DEBUG=1",
					"$(inherited)",
				);
				GCC_WARN_64_TO_32_BIT_CONVERSION = YES;
				GCC_WARN_ABOUT_RETURN_TYPE = YES_ERROR;
				GCC_WARN_UNDECLARED_SELECTOR = YES;
				GCC_WARN_UNINITIALIZED_AUTOS = YES_AGGRESSIVE;
				GCC_WARN_UNUSED_FUNCTION = YES;
				GCC_WARN_UNUSED_VARIABLE = YES;
				IPHONEOS_DEPLOYMENT_TARGET = 17.5;
				LOCALIZATION_PREFERS_STRING_CATALOGS = YES;
				MTL_ENABLE_DEBUG_INFO = INCLUDE_SOURCE;
				MTL_FAST_MATH = YES;
				ONLY_ACTIVE_ARCH = YES;
				SDKROOT = iphoneos;
				SWIFT_ACTIVE_COMPILATION_CONDITIONS = "DEBUG $(inherited)";
				SWIFT_OPTIMIZATION_LEVEL = "-Onone";
			};
			name = Debug;
		};
		F38E76DE2CFF0619005756A5 /* Release */ = {
			isa = XCBuildConfiguration;
			baseConfigurationReference = F36803262D00938300DA7EC1 /* Release.xcconfig */;
			buildSettings = {
				ALWAYS_SEARCH_USER_PATHS = NO;
				ASSETCATALOG_COMPILER_GENERATE_SWIFT_ASSET_SYMBOL_EXTENSIONS = YES;
				CLANG_ANALYZER_LOCALIZABILITY_NONLOCALIZED = YES;
				CLANG_ANALYZER_NONNULL = YES;
				CLANG_ANALYZER_NUMBER_OBJECT_CONVERSION = YES_AGGRESSIVE;
				CLANG_CXX_LANGUAGE_STANDARD = "gnu++20";
				CLANG_ENABLE_MODULES = YES;
				CLANG_ENABLE_OBJC_ARC = YES;
				CLANG_ENABLE_OBJC_WEAK = YES;
				CLANG_WARN_BLOCK_CAPTURE_AUTORELEASING = YES;
				CLANG_WARN_BOOL_CONVERSION = YES;
				CLANG_WARN_COMMA = YES;
				CLANG_WARN_CONSTANT_CONVERSION = YES;
				CLANG_WARN_DEPRECATED_OBJC_IMPLEMENTATIONS = YES;
				CLANG_WARN_DIRECT_OBJC_ISA_USAGE = YES_ERROR;
				CLANG_WARN_DOCUMENTATION_COMMENTS = YES;
				CLANG_WARN_EMPTY_BODY = YES;
				CLANG_WARN_ENUM_CONVERSION = YES;
				CLANG_WARN_INFINITE_RECURSION = YES;
				CLANG_WARN_INT_CONVERSION = YES;
				CLANG_WARN_NON_LITERAL_NULL_CONVERSION = YES;
				CLANG_WARN_OBJC_IMPLICIT_RETAIN_SELF = YES;
				CLANG_WARN_OBJC_LITERAL_CONVERSION = YES;
				CLANG_WARN_OBJC_ROOT_CLASS = YES_ERROR;
				CLANG_WARN_QUOTED_INCLUDE_IN_FRAMEWORK_HEADER = YES;
				CLANG_WARN_RANGE_LOOP_ANALYSIS = YES;
				CLANG_WARN_STRICT_PROTOTYPES = YES;
				CLANG_WARN_SUSPICIOUS_MOVE = YES;
				CLANG_WARN_UNGUARDED_AVAILABILITY = YES_AGGRESSIVE;
				CLANG_WARN_UNREACHABLE_CODE = YES;
				CLANG_WARN__DUPLICATE_METHOD_MATCH = YES;
				COPY_PHASE_STRIP = NO;
				DEBUG_INFORMATION_FORMAT = "dwarf-with-dsym";
				ENABLE_NS_ASSERTIONS = NO;
				ENABLE_STRICT_OBJC_MSGSEND = YES;
				ENABLE_USER_SCRIPT_SANDBOXING = YES;
				GCC_C_LANGUAGE_STANDARD = gnu17;
				GCC_NO_COMMON_BLOCKS = YES;
				GCC_WARN_64_TO_32_BIT_CONVERSION = YES;
				GCC_WARN_ABOUT_RETURN_TYPE = YES_ERROR;
				GCC_WARN_UNDECLARED_SELECTOR = YES;
				GCC_WARN_UNINITIALIZED_AUTOS = YES_AGGRESSIVE;
				GCC_WARN_UNUSED_FUNCTION = YES;
				GCC_WARN_UNUSED_VARIABLE = YES;
				IPHONEOS_DEPLOYMENT_TARGET = 17.5;
				LOCALIZATION_PREFERS_STRING_CATALOGS = YES;
				MTL_ENABLE_DEBUG_INFO = NO;
				MTL_FAST_MATH = YES;
				SDKROOT = iphoneos;
				SWIFT_COMPILATION_MODE = wholemodule;
				VALIDATE_PRODUCT = YES;
			};
			name = Release;
		};
		F38E76E02CFF0619005756A5 /* Debug */ = {
			isa = XCBuildConfiguration;
			baseConfigurationReference = F36803282D0093A400DA7EC1 /* Debug.xcconfig */;
			buildSettings = {
				ASSETCATALOG_COMPILER_APPICON_NAME = AppIcon;
				ASSETCATALOG_COMPILER_GLOBAL_ACCENT_COLOR_NAME = AccentColor;
				CODE_SIGN_STYLE = Automatic;
				CURRENT_PROJECT_VERSION = 1;
				DEVELOPMENT_ASSET_PATHS = "\"RecipeAppSwiftUI/Preview Content\"";
				DEVELOPMENT_TEAM = NP7B667599;
				ENABLE_PREVIEWS = YES;
				GENERATE_INFOPLIST_FILE = YES;
				INFOPLIST_FILE = RecipeAppSwiftUI/Info.plist;
				INFOPLIST_KEY_UIApplicationSceneManifest_Generation = YES;
				INFOPLIST_KEY_UIApplicationSupportsIndirectInputEvents = YES;
				INFOPLIST_KEY_UILaunchScreen_Generation = YES;
				INFOPLIST_KEY_UISupportedInterfaceOrientations_iPad = "UIInterfaceOrientationPortrait UIInterfaceOrientationPortraitUpsideDown UIInterfaceOrientationLandscapeLeft UIInterfaceOrientationLandscapeRight";
				INFOPLIST_KEY_UISupportedInterfaceOrientations_iPhone = "UIInterfaceOrientationPortrait UIInterfaceOrientationLandscapeLeft UIInterfaceOrientationLandscapeRight";
				LD_RUNPATH_SEARCH_PATHS = (
					"$(inherited)",
					"@executable_path/Frameworks",
				);
				MARKETING_VERSION = 1.0;
				PRODUCT_BUNDLE_IDENTIFIER = com.vinayak.RecipeAppSwiftUI;
				PRODUCT_NAME = "$(TARGET_NAME)";
				SWIFT_EMIT_LOC_STRINGS = YES;
				SWIFT_VERSION = 5.0;
				TARGETED_DEVICE_FAMILY = "1,2";
			};
			name = Debug;
		};
		F38E76E12CFF0619005756A5 /* Release */ = {
			isa = XCBuildConfiguration;
			baseConfigurationReference = F36803262D00938300DA7EC1 /* Release.xcconfig */;
			buildSettings = {
				ASSETCATALOG_COMPILER_APPICON_NAME = AppIcon;
				ASSETCATALOG_COMPILER_GLOBAL_ACCENT_COLOR_NAME = AccentColor;
				CODE_SIGN_STYLE = Automatic;
				CURRENT_PROJECT_VERSION = 1;
				DEVELOPMENT_ASSET_PATHS = "\"RecipeAppSwiftUI/Preview Content\"";
				DEVELOPMENT_TEAM = NP7B667599;
				ENABLE_PREVIEWS = YES;
				GENERATE_INFOPLIST_FILE = YES;
				INFOPLIST_FILE = RecipeAppSwiftUI/Info.plist;
				INFOPLIST_KEY_UIApplicationSceneManifest_Generation = YES;
				INFOPLIST_KEY_UIApplicationSupportsIndirectInputEvents = YES;
				INFOPLIST_KEY_UILaunchScreen_Generation = YES;
				INFOPLIST_KEY_UISupportedInterfaceOrientations_iPad = "UIInterfaceOrientationPortrait UIInterfaceOrientationPortraitUpsideDown UIInterfaceOrientationLandscapeLeft UIInterfaceOrientationLandscapeRight";
				INFOPLIST_KEY_UISupportedInterfaceOrientations_iPhone = "UIInterfaceOrientationPortrait UIInterfaceOrientationLandscapeLeft UIInterfaceOrientationLandscapeRight";
				LD_RUNPATH_SEARCH_PATHS = (
					"$(inherited)",
					"@executable_path/Frameworks",
				);
				MARKETING_VERSION = 1.0;
				PRODUCT_BUNDLE_IDENTIFIER = com.vinayak.RecipeAppSwiftUI;
				PRODUCT_NAME = "$(TARGET_NAME)";
				SWIFT_EMIT_LOC_STRINGS = YES;
				SWIFT_VERSION = 5.0;
				TARGETED_DEVICE_FAMILY = "1,2";
			};
			name = Release;
		};
		F38E76E32CFF0619005756A5 /* Debug */ = {
			isa = XCBuildConfiguration;
			baseConfigurationReference = F36803282D0093A400DA7EC1 /* Debug.xcconfig */;
			buildSettings = {
				ALWAYS_EMBED_SWIFT_STANDARD_LIBRARIES = YES;
				BUNDLE_LOADER = "$(TEST_HOST)";
				CODE_SIGN_STYLE = Automatic;
				CURRENT_PROJECT_VERSION = 1;
				DEVELOPMENT_TEAM = NP7B667599;
				GENERATE_INFOPLIST_FILE = YES;
				IPHONEOS_DEPLOYMENT_TARGET = 17.5;
				MARKETING_VERSION = 1.0;
				PRODUCT_BUNDLE_IDENTIFIER = com.vinayak.RecipeAppSwiftUITests;
				PRODUCT_NAME = "$(TARGET_NAME)";
				SWIFT_EMIT_LOC_STRINGS = NO;
				SWIFT_VERSION = 5.0;
				TARGETED_DEVICE_FAMILY = "1,2";
				TEST_HOST = "$(BUILT_PRODUCTS_DIR)/RecipeAppSwiftUI.app/$(BUNDLE_EXECUTABLE_FOLDER_PATH)/RecipeAppSwiftUI";
			};
			name = Debug;
		};
		F38E76E42CFF0619005756A5 /* Release */ = {
			isa = XCBuildConfiguration;
			baseConfigurationReference = F36803262D00938300DA7EC1 /* Release.xcconfig */;
			buildSettings = {
				ALWAYS_EMBED_SWIFT_STANDARD_LIBRARIES = YES;
				BUNDLE_LOADER = "$(TEST_HOST)";
				CODE_SIGN_STYLE = Automatic;
				CURRENT_PROJECT_VERSION = 1;
				DEVELOPMENT_TEAM = NP7B667599;
				GENERATE_INFOPLIST_FILE = YES;
				IPHONEOS_DEPLOYMENT_TARGET = 17.5;
				MARKETING_VERSION = 1.0;
				PRODUCT_BUNDLE_IDENTIFIER = com.vinayak.RecipeAppSwiftUITests;
				PRODUCT_NAME = "$(TARGET_NAME)";
				SWIFT_EMIT_LOC_STRINGS = NO;
				SWIFT_VERSION = 5.0;
				TARGETED_DEVICE_FAMILY = "1,2";
				TEST_HOST = "$(BUILT_PRODUCTS_DIR)/RecipeAppSwiftUI.app/$(BUNDLE_EXECUTABLE_FOLDER_PATH)/RecipeAppSwiftUI";
			};
			name = Release;
		};
		F38E76E62CFF0619005756A5 /* Debug */ = {
			isa = XCBuildConfiguration;
			baseConfigurationReference = F36803282D0093A400DA7EC1 /* Debug.xcconfig */;
			buildSettings = {
				ALWAYS_EMBED_SWIFT_STANDARD_LIBRARIES = YES;
				CODE_SIGN_STYLE = Automatic;
				CURRENT_PROJECT_VERSION = 1;
				DEVELOPMENT_TEAM = NP7B667599;
				GENERATE_INFOPLIST_FILE = YES;
				MARKETING_VERSION = 1.0;
				PRODUCT_BUNDLE_IDENTIFIER = com.vinayak.RecipeAppSwiftUIUITests;
				PRODUCT_NAME = "$(TARGET_NAME)";
				SWIFT_EMIT_LOC_STRINGS = NO;
				SWIFT_VERSION = 5.0;
				TARGETED_DEVICE_FAMILY = "1,2";
				TEST_TARGET_NAME = RecipeAppSwiftUI;
			};
			name = Debug;
		};
		F38E76E72CFF0619005756A5 /* Release */ = {
			isa = XCBuildConfiguration;
			baseConfigurationReference = F36803262D00938300DA7EC1 /* Release.xcconfig */;
			buildSettings = {
				ALWAYS_EMBED_SWIFT_STANDARD_LIBRARIES = YES;
				CODE_SIGN_STYLE = Automatic;
				CURRENT_PROJECT_VERSION = 1;
				DEVELOPMENT_TEAM = NP7B667599;
				GENERATE_INFOPLIST_FILE = YES;
				MARKETING_VERSION = 1.0;
				PRODUCT_BUNDLE_IDENTIFIER = com.vinayak.RecipeAppSwiftUIUITests;
				PRODUCT_NAME = "$(TARGET_NAME)";
				SWIFT_EMIT_LOC_STRINGS = NO;
				SWIFT_VERSION = 5.0;
				TARGETED_DEVICE_FAMILY = "1,2";
				TEST_TARGET_NAME = RecipeAppSwiftUI;
			};
			name = Release;
		};
/* End XCBuildConfiguration section */

/* Begin XCConfigurationList section */
		F38E76B62CFF0617005756A5 /* Build configuration list for PBXProject "RecipeAppSwiftUI" */ = {
			isa = XCConfigurationList;
			buildConfigurations = (
				F38E76DD2CFF0619005756A5 /* Debug */,
				F38E76DE2CFF0619005756A5 /* Release */,
			);
			defaultConfigurationIsVisible = 0;
			defaultConfigurationName = Release;
		};
		F38E76DF2CFF0619005756A5 /* Build configuration list for PBXNativeTarget "RecipeAppSwiftUI" */ = {
			isa = XCConfigurationList;
			buildConfigurations = (
				F38E76E02CFF0619005756A5 /* Debug */,
				F38E76E12CFF0619005756A5 /* Release */,
			);
			defaultConfigurationIsVisible = 0;
			defaultConfigurationName = Release;
		};
		F38E76E22CFF0619005756A5 /* Build configuration list for PBXNativeTarget "RecipeAppSwiftUITests" */ = {
			isa = XCConfigurationList;
			buildConfigurations = (
				F38E76E32CFF0619005756A5 /* Debug */,
				F38E76E42CFF0619005756A5 /* Release */,
			);
			defaultConfigurationIsVisible = 0;
			defaultConfigurationName = Release;
		};
		F38E76E52CFF0619005756A5 /* Build configuration list for PBXNativeTarget "RecipeAppSwiftUIUITests" */ = {
			isa = XCConfigurationList;
			buildConfigurations = (
				F38E76E62CFF0619005756A5 /* Debug */,
				F38E76E72CFF0619005756A5 /* Release */,
			);
			defaultConfigurationIsVisible = 0;
			defaultConfigurationName = Release;
		};
/* End XCConfigurationList section */

/* Begin XCVersionGroup section */
		F36804342D0A5EA700DA7EC1 /* DataModel.xcdatamodeld */ = {
			isa = XCVersionGroup;
			children = (
				F36804352D0A5EA700DA7EC1 /* DataModel.xcdatamodel */,
			);
			currentVersion = F36804352D0A5EA700DA7EC1 /* DataModel.xcdatamodel */;
			path = DataModel.xcdatamodeld;
			sourceTree = "<group>";
			versionGroupType = wrapper.xcdatamodel;
		};
/* End XCVersionGroup section */
	};
	rootObject = F38E76B32CFF0617005756A5 /* Project object */;
}
